
Microsoft Visual Studio Solution File, Format Version 12.00
# Visual Studio Version 17
VisualStudioVersion = 17.8.34330.188
MinimumVisualStudioVersion = 10.0.40219.1
Project("{FAE04EC0-301F-11D3-BF4B-00C04F79EFBC}") = "C#_Practice", "C#_Practice\C#_Practice.csproj", "{1D4C00A0-0E1F-45D8-BF7A-BE8D4FA362D8}"
EndProject
Global
	GlobalSection(SolutionConfigurationPlatforms) = preSolution
		Debug|Any CPU = Debug|Any CPU
		Release|Any CPU = Release|Any CPU
	EndGlobalSection
	GlobalSection(ProjectConfigurationPlatforms) = postSolution
		{1D4C00A0-0E1F-45D8-BF7A-BE8D4FA362D8}.Debug|Any CPU.ActiveCfg = Debug|Any CPU
		{1D4C00A0-0E1F-45D8-BF7A-BE8D4FA362D8}.Debug|Any CPU.Build.0 = Debug|Any CPU
		{1D4C00A0-0E1F-45D8-BF7A-BE8D4FA362D8}.Release|Any CPU.ActiveCfg = Release|Any CPU
		{1D4C00A0-0E1F-45D8-BF7A-BE8D4FA362D8}.Release|Any CPU.Build.0 = Release|Any CPU
	EndGlobalSection
	GlobalSection(SolutionProperties) = preSolution
		HideSolutionNode = FALSE
	EndGlobalSection
	GlobalSection(ExtensibilityGlobals) = postSolution
		SolutionGuid = {9D6E20CE-7B17-4098-A38C-9DC82111BB88}
	EndGlobalSection
EndGlobal
